// !$*UTF8*$!
{
	archiveVersion = 1;
	classes = {
	};
	objectVersion = 55;
	objects = {

/* Begin PBXBuildFile section */
		1091E6642728F10E00D80EBA /* AppDelegate.swift in Sources */ = {isa = PBXBuildFile; fileRef = 1091E6632728F10E00D80EBA /* AppDelegate.swift */; };
		1091E6662728F10E00D80EBA /* SceneDelegate.swift in Sources */ = {isa = PBXBuildFile; fileRef = 1091E6652728F10E00D80EBA /* SceneDelegate.swift */; };
		1091E6682728F10E00D80EBA /* LoginViewController.swift in Sources */ = {isa = PBXBuildFile; fileRef = 1091E6672728F10E00D80EBA /* LoginViewController.swift */; };
		1091E66B2728F10E00D80EBA /* Main.storyboard in Resources */ = {isa = PBXBuildFile; fileRef = 1091E6692728F10E00D80EBA /* Main.storyboard */; };
		1091E66D2728F11200D80EBA /* Assets.xcassets in Resources */ = {isa = PBXBuildFile; fileRef = 1091E66C2728F11200D80EBA /* Assets.xcassets */; };
		1091E6702728F11200D80EBA /* LaunchScreen.storyboard in Resources */ = {isa = PBXBuildFile; fileRef = 1091E66E2728F11200D80EBA /* LaunchScreen.storyboard */; };
		1091E67B2728F11200D80EBA /* KeepFreshTests.swift in Sources */ = {isa = PBXBuildFile; fileRef = 1091E67A2728F11200D80EBA /* KeepFreshTests.swift */; };
		1091E6852728F11200D80EBA /* KeepFreshUITests.swift in Sources */ = {isa = PBXBuildFile; fileRef = 1091E6842728F11200D80EBA /* KeepFreshUITests.swift */; };
		1091E6872728F11200D80EBA /* KeepFreshUITestsLaunchTests.swift in Sources */ = {isa = PBXBuildFile; fileRef = 1091E6862728F11200D80EBA /* KeepFreshUITestsLaunchTests.swift */; };
		1091E694272A35E800D80EBA /* GroceriesViewController.swift in Sources */ = {isa = PBXBuildFile; fileRef = 1091E693272A35E800D80EBA /* GroceriesViewController.swift */; };
		1091E696272A920D00D80EBA /* GroceryItemCell.swift in Sources */ = {isa = PBXBuildFile; fileRef = 1091E695272A920D00D80EBA /* GroceryItemCell.swift */; };
		ACC8331C62E8DDE3D06F9C1B /* Pods_KeepFresh.framework in Frameworks */ = {isa = PBXBuildFile; fileRef = CB41769A96566FB382033FDA /* Pods_KeepFresh.framework */; };
		E1477D68EB1DC0F9DE2CFBC2 /* Pods_KeepFresh_KeepFreshUITests.framework in Frameworks */ = {isa = PBXBuildFile; fileRef = 0A3CDDA3EEF863C88B1FF506 /* Pods_KeepFresh_KeepFreshUITests.framework */; };
		ED05F4172730729B00A418C4 /* SettingsViewController.swift in Sources */ = {isa = PBXBuildFile; fileRef = ED05F4162730729B00A418C4 /* SettingsViewController.swift */; };
		EE4C7D01272A5801009BA1B0 /* AddItemViewController.swift in Sources */ = {isa = PBXBuildFile; fileRef = EE4C7D00272A5801009BA1B0 /* AddItemViewController.swift */; };
		EE7B2F95272BC08D006DE32C /* ItemsTableViewCell.swift in Sources */ = {isa = PBXBuildFile; fileRef = EE7B2F94272BC08D006DE32C /* ItemsTableViewCell.swift */; };
		F05FAE48705D744E2BE6C236 /* Pods_KeepFreshTests.framework in Frameworks */ = {isa = PBXBuildFile; fileRef = 875ABBE1429E6E0401524A3F /* Pods_KeepFreshTests.framework */; };
/* End PBXBuildFile section */

/* Begin PBXContainerItemProxy section */
		1091E6772728F11200D80EBA /* PBXContainerItemProxy */ = {
			isa = PBXContainerItemProxy;
			containerPortal = 1091E6582728F10E00D80EBA /* Project object */;
			proxyType = 1;
			remoteGlobalIDString = 1091E65F2728F10E00D80EBA;
			remoteInfo = KeepFresh;
		};
		1091E6812728F11200D80EBA /* PBXContainerItemProxy */ = {
			isa = PBXContainerItemProxy;
			containerPortal = 1091E6582728F10E00D80EBA /* Project object */;
			proxyType = 1;
			remoteGlobalIDString = 1091E65F2728F10E00D80EBA;
			remoteInfo = KeepFresh;
		};
/* End PBXContainerItemProxy section */

/* Begin PBXFileReference section */
		06211618CD0435CD8240DBDA /* Pods-KeepFresh.debug.xcconfig */ = {isa = PBXFileReference; includeInIndex = 1; lastKnownFileType = text.xcconfig; name = "Pods-KeepFresh.debug.xcconfig"; path = "Target Support Files/Pods-KeepFresh/Pods-KeepFresh.debug.xcconfig"; sourceTree = "<group>"; };
		0A3CDDA3EEF863C88B1FF506 /* Pods_KeepFresh_KeepFreshUITests.framework */ = {isa = PBXFileReference; explicitFileType = wrapper.framework; includeInIndex = 0; path = Pods_KeepFresh_KeepFreshUITests.framework; sourceTree = BUILT_PRODUCTS_DIR; };
		1091E6602728F10E00D80EBA /* KeepFresh.app */ = {isa = PBXFileReference; explicitFileType = wrapper.application; includeInIndex = 0; path = KeepFresh.app; sourceTree = BUILT_PRODUCTS_DIR; };
		1091E6632728F10E00D80EBA /* AppDelegate.swift */ = {isa = PBXFileReference; lastKnownFileType = sourcecode.swift; path = AppDelegate.swift; sourceTree = "<group>"; };
		1091E6652728F10E00D80EBA /* SceneDelegate.swift */ = {isa = PBXFileReference; lastKnownFileType = sourcecode.swift; path = SceneDelegate.swift; sourceTree = "<group>"; };
		1091E6672728F10E00D80EBA /* LoginViewController.swift */ = {isa = PBXFileReference; lastKnownFileType = sourcecode.swift; path = LoginViewController.swift; sourceTree = "<group>"; };
		1091E66A2728F10E00D80EBA /* Base */ = {isa = PBXFileReference; lastKnownFileType = file.storyboard; name = Base; path = Base.lproj/Main.storyboard; sourceTree = "<group>"; };
		1091E66C2728F11200D80EBA /* Assets.xcassets */ = {isa = PBXFileReference; lastKnownFileType = folder.assetcatalog; path = Assets.xcassets; sourceTree = "<group>"; };
		1091E66F2728F11200D80EBA /* Base */ = {isa = PBXFileReference; lastKnownFileType = file.storyboard; name = Base; path = Base.lproj/LaunchScreen.storyboard; sourceTree = "<group>"; };
		1091E6712728F11200D80EBA /* Info.plist */ = {isa = PBXFileReference; lastKnownFileType = text.plist.xml; path = Info.plist; sourceTree = "<group>"; };
		1091E6762728F11200D80EBA /* KeepFreshTests.xctest */ = {isa = PBXFileReference; explicitFileType = wrapper.cfbundle; includeInIndex = 0; path = KeepFreshTests.xctest; sourceTree = BUILT_PRODUCTS_DIR; };
		1091E67A2728F11200D80EBA /* KeepFreshTests.swift */ = {isa = PBXFileReference; lastKnownFileType = sourcecode.swift; path = KeepFreshTests.swift; sourceTree = "<group>"; };
		1091E6802728F11200D80EBA /* KeepFreshUITests.xctest */ = {isa = PBXFileReference; explicitFileType = wrapper.cfbundle; includeInIndex = 0; path = KeepFreshUITests.xctest; sourceTree = BUILT_PRODUCTS_DIR; };
		1091E6842728F11200D80EBA /* KeepFreshUITests.swift */ = {isa = PBXFileReference; lastKnownFileType = sourcecode.swift; path = KeepFreshUITests.swift; sourceTree = "<group>"; };
		1091E6862728F11200D80EBA /* KeepFreshUITestsLaunchTests.swift */ = {isa = PBXFileReference; lastKnownFileType = sourcecode.swift; path = KeepFreshUITestsLaunchTests.swift; sourceTree = "<group>"; };
		1091E693272A35E800D80EBA /* GroceriesViewController.swift */ = {isa = PBXFileReference; lastKnownFileType = sourcecode.swift; path = GroceriesViewController.swift; sourceTree = "<group>"; };
		1091E695272A920D00D80EBA /* GroceryItemCell.swift */ = {isa = PBXFileReference; lastKnownFileType = sourcecode.swift; path = GroceryItemCell.swift; sourceTree = "<group>"; };
		13FF8E685E7C3FFAAC86E66F /* Pods-KeepFresh-KeepFreshUITests.release.xcconfig */ = {isa = PBXFileReference; includeInIndex = 1; lastKnownFileType = text.xcconfig; name = "Pods-KeepFresh-KeepFreshUITests.release.xcconfig"; path = "Target Support Files/Pods-KeepFresh-KeepFreshUITests/Pods-KeepFresh-KeepFreshUITests.release.xcconfig"; sourceTree = "<group>"; };
		607B67F8A099923E6380B1BD /* Pods-KeepFreshTests.debug.xcconfig */ = {isa = PBXFileReference; includeInIndex = 1; lastKnownFileType = text.xcconfig; name = "Pods-KeepFreshTests.debug.xcconfig"; path = "Target Support Files/Pods-KeepFreshTests/Pods-KeepFreshTests.debug.xcconfig"; sourceTree = "<group>"; };
		679F5747FCDBB181AF1DB4D6 /* Pods-KeepFresh-KeepFreshUITests.debug.xcconfig */ = {isa = PBXFileReference; includeInIndex = 1; lastKnownFileType = text.xcconfig; name = "Pods-KeepFresh-KeepFreshUITests.debug.xcconfig"; path = "Target Support Files/Pods-KeepFresh-KeepFreshUITests/Pods-KeepFresh-KeepFreshUITests.debug.xcconfig"; sourceTree = "<group>"; };
		875ABBE1429E6E0401524A3F /* Pods_KeepFreshTests.framework */ = {isa = PBXFileReference; explicitFileType = wrapper.framework; includeInIndex = 0; path = Pods_KeepFreshTests.framework; sourceTree = BUILT_PRODUCTS_DIR; };
		8E98CC86813E7DEE5546BD17 /* Pods-KeepFreshTests.release.xcconfig */ = {isa = PBXFileReference; includeInIndex = 1; lastKnownFileType = text.xcconfig; name = "Pods-KeepFreshTests.release.xcconfig"; path = "Target Support Files/Pods-KeepFreshTests/Pods-KeepFreshTests.release.xcconfig"; sourceTree = "<group>"; };
		CB41769A96566FB382033FDA /* Pods_KeepFresh.framework */ = {isa = PBXFileReference; explicitFileType = wrapper.framework; includeInIndex = 0; path = Pods_KeepFresh.framework; sourceTree = BUILT_PRODUCTS_DIR; };
		D405CF91D1C0979E06742BE1 /* Pods-KeepFresh.release.xcconfig */ = {isa = PBXFileReference; includeInIndex = 1; lastKnownFileType = text.xcconfig; name = "Pods-KeepFresh.release.xcconfig"; path = "Target Support Files/Pods-KeepFresh/Pods-KeepFresh.release.xcconfig"; sourceTree = "<group>"; };
		ED05F4162730729B00A418C4 /* SettingsViewController.swift */ = {isa = PBXFileReference; lastKnownFileType = sourcecode.swift; path = SettingsViewController.swift; sourceTree = "<group>"; };
		EE4C7D00272A5801009BA1B0 /* AddItemViewController.swift */ = {isa = PBXFileReference; lastKnownFileType = sourcecode.swift; path = AddItemViewController.swift; sourceTree = "<group>"; };
		EE7B2F94272BC08D006DE32C /* ItemsTableViewCell.swift */ = {isa = PBXFileReference; lastKnownFileType = sourcecode.swift; path = ItemsTableViewCell.swift; sourceTree = "<group>"; };
/* End PBXFileReference section */

/* Begin PBXFrameworksBuildPhase section */
		1091E65D2728F10E00D80EBA /* Frameworks */ = {
			isa = PBXFrameworksBuildPhase;
			buildActionMask = 2147483647;
			files = (
				ACC8331C62E8DDE3D06F9C1B /* Pods_KeepFresh.framework in Frameworks */,
			);
			runOnlyForDeploymentPostprocessing = 0;
		};
		1091E6732728F11200D80EBA /* Frameworks */ = {
			isa = PBXFrameworksBuildPhase;
			buildActionMask = 2147483647;
			files = (
				F05FAE48705D744E2BE6C236 /* Pods_KeepFreshTests.framework in Frameworks */,
			);
			runOnlyForDeploymentPostprocessing = 0;
		};
		1091E67D2728F11200D80EBA /* Frameworks */ = {
			isa = PBXFrameworksBuildPhase;
			buildActionMask = 2147483647;
			files = (
				E1477D68EB1DC0F9DE2CFBC2 /* Pods_KeepFresh_KeepFreshUITests.framework in Frameworks */,
			);
			runOnlyForDeploymentPostprocessing = 0;
		};
/* End PBXFrameworksBuildPhase section */

/* Begin PBXGroup section */
		1091E6572728F10E00D80EBA = {
			isa = PBXGroup;
			children = (
				1091E6622728F10E00D80EBA /* KeepFresh */,
				1091E6792728F11200D80EBA /* KeepFreshTests */,
				1091E6832728F11200D80EBA /* KeepFreshUITests */,
				1091E6612728F10E00D80EBA /* Products */,
				C625F91E1B6C876AA705D7F1 /* Pods */,
				56E7ED93302365E143FC36CD /* Frameworks */,
			);
			sourceTree = "<group>";
		};
		1091E6612728F10E00D80EBA /* Products */ = {
			isa = PBXGroup;
			children = (
				1091E6602728F10E00D80EBA /* KeepFresh.app */,
				1091E6762728F11200D80EBA /* KeepFreshTests.xctest */,
				1091E6802728F11200D80EBA /* KeepFreshUITests.xctest */,
			);
			name = Products;
			sourceTree = "<group>";
		};
		1091E6622728F10E00D80EBA /* KeepFresh */ = {
			isa = PBXGroup;
			children = (
				ED05F4162730729B00A418C4 /* SettingsViewController.swift */,
				1091E6632728F10E00D80EBA /* AppDelegate.swift */,
				1091E6652728F10E00D80EBA /* SceneDelegate.swift */,
				1091E6672728F10E00D80EBA /* LoginViewController.swift */,
				1091E6692728F10E00D80EBA /* Main.storyboard */,
				1091E66C2728F11200D80EBA /* Assets.xcassets */,
				1091E66E2728F11200D80EBA /* LaunchScreen.storyboard */,
				1091E6712728F11200D80EBA /* Info.plist */,
				1091E693272A35E800D80EBA /* GroceriesViewController.swift */,
				1091E695272A920D00D80EBA /* GroceryItemCell.swift */,
				EE4C7D00272A5801009BA1B0 /* AddItemViewController.swift */,
			);
			path = KeepFresh;
			sourceTree = "<group>";
		};
		1091E6792728F11200D80EBA /* KeepFreshTests */ = {
			isa = PBXGroup;
			children = (
				1091E67A2728F11200D80EBA /* KeepFreshTests.swift */,
			);
			path = KeepFreshTests;
			sourceTree = "<group>";
		};
		1091E6832728F11200D80EBA /* KeepFreshUITests */ = {
			isa = PBXGroup;
			children = (
				1091E6842728F11200D80EBA /* KeepFreshUITests.swift */,
				1091E6862728F11200D80EBA /* KeepFreshUITestsLaunchTests.swift */,
			);
			path = KeepFreshUITests;
			sourceTree = "<group>";
		};
		56E7ED93302365E143FC36CD /* Frameworks */ = {
			isa = PBXGroup;
			children = (
				CB41769A96566FB382033FDA /* Pods_KeepFresh.framework */,
				0A3CDDA3EEF863C88B1FF506 /* Pods_KeepFresh_KeepFreshUITests.framework */,
				875ABBE1429E6E0401524A3F /* Pods_KeepFreshTests.framework */,
			);
			name = Frameworks;
			sourceTree = "<group>";
		};
		C625F91E1B6C876AA705D7F1 /* Pods */ = {
			isa = PBXGroup;
			children = (
				06211618CD0435CD8240DBDA /* Pods-KeepFresh.debug.xcconfig */,
				D405CF91D1C0979E06742BE1 /* Pods-KeepFresh.release.xcconfig */,
				679F5747FCDBB181AF1DB4D6 /* Pods-KeepFresh-KeepFreshUITests.debug.xcconfig */,
				13FF8E685E7C3FFAAC86E66F /* Pods-KeepFresh-KeepFreshUITests.release.xcconfig */,
				607B67F8A099923E6380B1BD /* Pods-KeepFreshTests.debug.xcconfig */,
				8E98CC86813E7DEE5546BD17 /* Pods-KeepFreshTests.release.xcconfig */,
			);
			path = Pods;
			sourceTree = "<group>";
		};
/* End PBXGroup section */

/* Begin PBXNativeTarget section */
		1091E65F2728F10E00D80EBA /* KeepFresh */ = {
			isa = PBXNativeTarget;
			buildConfigurationList = 1091E68A2728F11200D80EBA /* Build configuration list for PBXNativeTarget "KeepFresh" */;
			buildPhases = (
				1654DD2205633BD360E8BC09 /* [CP] Check Pods Manifest.lock */,
				1091E65C2728F10E00D80EBA /* Sources */,
				1091E65D2728F10E00D80EBA /* Frameworks */,
				1091E65E2728F10E00D80EBA /* Resources */,
				686E308EB9689B16EAAA8B0C /* [CP] Embed Pods Frameworks */,
			);
			buildRules = (
			);
			dependencies = (
			);
			name = KeepFresh;
			productName = KeepFresh;
			productReference = 1091E6602728F10E00D80EBA /* KeepFresh.app */;
			productType = "com.apple.product-type.application";
		};
		1091E6752728F11200D80EBA /* KeepFreshTests */ = {
			isa = PBXNativeTarget;
			buildConfigurationList = 1091E68D2728F11200D80EBA /* Build configuration list for PBXNativeTarget "KeepFreshTests" */;
			buildPhases = (
				A4BF09173E570EA35A9940D5 /* [CP] Check Pods Manifest.lock */,
				1091E6722728F11200D80EBA /* Sources */,
				1091E6732728F11200D80EBA /* Frameworks */,
				1091E6742728F11200D80EBA /* Resources */,
			);
			buildRules = (
			);
			dependencies = (
				1091E6782728F11200D80EBA /* PBXTargetDependency */,
			);
			name = KeepFreshTests;
			productName = KeepFreshTests;
			productReference = 1091E6762728F11200D80EBA /* KeepFreshTests.xctest */;
			productType = "com.apple.product-type.bundle.unit-test";
		};
		1091E67F2728F11200D80EBA /* KeepFreshUITests */ = {
			isa = PBXNativeTarget;
			buildConfigurationList = 1091E6902728F11200D80EBA /* Build configuration list for PBXNativeTarget "KeepFreshUITests" */;
			buildPhases = (
				6761C8750AEB4FB124E1DA50 /* [CP] Check Pods Manifest.lock */,
				1091E67C2728F11200D80EBA /* Sources */,
				1091E67D2728F11200D80EBA /* Frameworks */,
				1091E67E2728F11200D80EBA /* Resources */,
				F52436069DA3D2F9BBB8A7F7 /* [CP] Embed Pods Frameworks */,
			);
			buildRules = (
			);
			dependencies = (
				1091E6822728F11200D80EBA /* PBXTargetDependency */,
			);
			name = KeepFreshUITests;
			productName = KeepFreshUITests;
			productReference = 1091E6802728F11200D80EBA /* KeepFreshUITests.xctest */;
			productType = "com.apple.product-type.bundle.ui-testing";
		};
/* End PBXNativeTarget section */

/* Begin PBXProject section */
		1091E6582728F10E00D80EBA /* Project object */ = {
			isa = PBXProject;
			attributes = {
				BuildIndependentTargetsInParallel = 1;
				LastSwiftUpdateCheck = 1310;
				LastUpgradeCheck = 1310;
				TargetAttributes = {
					1091E65F2728F10E00D80EBA = {
						CreatedOnToolsVersion = 13.1;
					};
					1091E6752728F11200D80EBA = {
						CreatedOnToolsVersion = 13.1;
						TestTargetID = 1091E65F2728F10E00D80EBA;
					};
					1091E67F2728F11200D80EBA = {
						CreatedOnToolsVersion = 13.1;
						TestTargetID = 1091E65F2728F10E00D80EBA;
					};
				};
			};
			buildConfigurationList = 1091E65B2728F10E00D80EBA /* Build configuration list for PBXProject "KeepFresh" */;
			compatibilityVersion = "Xcode 13.0";
			developmentRegion = en;
			hasScannedForEncodings = 0;
			knownRegions = (
				en,
				Base,
			);
			mainGroup = 1091E6572728F10E00D80EBA;
			productRefGroup = 1091E6612728F10E00D80EBA /* Products */;
			projectDirPath = "";
			projectRoot = "";
			targets = (
				1091E65F2728F10E00D80EBA /* KeepFresh */,
				1091E6752728F11200D80EBA /* KeepFreshTests */,
				1091E67F2728F11200D80EBA /* KeepFreshUITests */,
			);
		};
/* End PBXProject section */

/* Begin PBXResourcesBuildPhase section */
		1091E65E2728F10E00D80EBA /* Resources */ = {
			isa = PBXResourcesBuildPhase;
			buildActionMask = 2147483647;
			files = (
				1091E6702728F11200D80EBA /* LaunchScreen.storyboard in Resources */,
				1091E66D2728F11200D80EBA /* Assets.xcassets in Resources */,
				1091E66B2728F10E00D80EBA /* Main.storyboard in Resources */,
			);
			runOnlyForDeploymentPostprocessing = 0;
		};
		1091E6742728F11200D80EBA /* Resources */ = {
			isa = PBXResourcesBuildPhase;
			buildActionMask = 2147483647;
			files = (
			);
			runOnlyForDeploymentPostprocessing = 0;
		};
		1091E67E2728F11200D80EBA /* Resources */ = {
			isa = PBXResourcesBuildPhase;
			buildActionMask = 2147483647;
			files = (
			);
			runOnlyForDeploymentPostprocessing = 0;
		};
/* End PBXResourcesBuildPhase section */

/* Begin PBXShellScriptBuildPhase section */
		1654DD2205633BD360E8BC09 /* [CP] Check Pods Manifest.lock */ = {
			isa = PBXShellScriptBuildPhase;
			buildActionMask = 2147483647;
			files = (
			);
			inputFileListPaths = (
			);
			inputPaths = (
				"${PODS_PODFILE_DIR_PATH}/Podfile.lock",
				"${PODS_ROOT}/Manifest.lock",
			);
			name = "[CP] Check Pods Manifest.lock";
			outputFileListPaths = (
			);
			outputPaths = (
				"$(DERIVED_FILE_DIR)/Pods-KeepFresh-checkManifestLockResult.txt",
			);
			runOnlyForDeploymentPostprocessing = 0;
			shellPath = /bin/sh;
			shellScript = "diff \"${PODS_PODFILE_DIR_PATH}/Podfile.lock\" \"${PODS_ROOT}/Manifest.lock\" > /dev/null\nif [ $? != 0 ] ; then\n    # print error to STDERR\n    echo \"error: The sandbox is not in sync with the Podfile.lock. Run 'pod install' or update your CocoaPods installation.\" >&2\n    exit 1\nfi\n# This output is used by Xcode 'outputs' to avoid re-running this script phase.\necho \"SUCCESS\" > \"${SCRIPT_OUTPUT_FILE_0}\"\n";
			showEnvVarsInLog = 0;
		};
		6761C8750AEB4FB124E1DA50 /* [CP] Check Pods Manifest.lock */ = {
			isa = PBXShellScriptBuildPhase;
			buildActionMask = 2147483647;
			files = (
			);
			inputFileListPaths = (
			);
			inputPaths = (
				"${PODS_PODFILE_DIR_PATH}/Podfile.lock",
				"${PODS_ROOT}/Manifest.lock",
			);
			name = "[CP] Check Pods Manifest.lock";
			outputFileListPaths = (
			);
			outputPaths = (
				"$(DERIVED_FILE_DIR)/Pods-KeepFresh-KeepFreshUITests-checkManifestLockResult.txt",
			);
			runOnlyForDeploymentPostprocessing = 0;
			shellPath = /bin/sh;
			shellScript = "diff \"${PODS_PODFILE_DIR_PATH}/Podfile.lock\" \"${PODS_ROOT}/Manifest.lock\" > /dev/null\nif [ $? != 0 ] ; then\n    # print error to STDERR\n    echo \"error: The sandbox is not in sync with the Podfile.lock. Run 'pod install' or update your CocoaPods installation.\" >&2\n    exit 1\nfi\n# This output is used by Xcode 'outputs' to avoid re-running this script phase.\necho \"SUCCESS\" > \"${SCRIPT_OUTPUT_FILE_0}\"\n";
			showEnvVarsInLog = 0;
		};
		686E308EB9689B16EAAA8B0C /* [CP] Embed Pods Frameworks */ = {
			isa = PBXShellScriptBuildPhase;
			buildActionMask = 2147483647;
			files = (
			);
			inputFileListPaths = (
				"${PODS_ROOT}/Target Support Files/Pods-KeepFresh/Pods-KeepFresh-frameworks-${CONFIGURATION}-input-files.xcfilelist",
			);
			name = "[CP] Embed Pods Frameworks";
			outputFileListPaths = (
				"${PODS_ROOT}/Target Support Files/Pods-KeepFresh/Pods-KeepFresh-frameworks-${CONFIGURATION}-output-files.xcfilelist",
			);
			runOnlyForDeploymentPostprocessing = 0;
			shellPath = /bin/sh;
			shellScript = "\"${PODS_ROOT}/Target Support Files/Pods-KeepFresh/Pods-KeepFresh-frameworks.sh\"\n";
			showEnvVarsInLog = 0;
		};
		A4BF09173E570EA35A9940D5 /* [CP] Check Pods Manifest.lock */ = {
			isa = PBXShellScriptBuildPhase;
			buildActionMask = 2147483647;
			files = (
			);
			inputFileListPaths = (
			);
			inputPaths = (
				"${PODS_PODFILE_DIR_PATH}/Podfile.lock",
				"${PODS_ROOT}/Manifest.lock",
			);
			name = "[CP] Check Pods Manifest.lock";
			outputFileListPaths = (
			);
			outputPaths = (
				"$(DERIVED_FILE_DIR)/Pods-KeepFreshTests-checkManifestLockResult.txt",
			);
			runOnlyForDeploymentPostprocessing = 0;
			shellPath = /bin/sh;
			shellScript = "diff \"${PODS_PODFILE_DIR_PATH}/Podfile.lock\" \"${PODS_ROOT}/Manifest.lock\" > /dev/null\nif [ $? != 0 ] ; then\n    # print error to STDERR\n    echo \"error: The sandbox is not in sync with the Podfile.lock. Run 'pod install' or update your CocoaPods installation.\" >&2\n    exit 1\nfi\n# This output is used by Xcode 'outputs' to avoid re-running this script phase.\necho \"SUCCESS\" > \"${SCRIPT_OUTPUT_FILE_0}\"\n";
			showEnvVarsInLog = 0;
		};
		F52436069DA3D2F9BBB8A7F7 /* [CP] Embed Pods Frameworks */ = {
			isa = PBXShellScriptBuildPhase;
			buildActionMask = 2147483647;
			files = (
			);
			inputFileListPaths = (
				"${PODS_ROOT}/Target Support Files/Pods-KeepFresh-KeepFreshUITests/Pods-KeepFresh-KeepFreshUITests-frameworks-${CONFIGURATION}-input-files.xcfilelist",
			);
			name = "[CP] Embed Pods Frameworks";
			outputFileListPaths = (
				"${PODS_ROOT}/Target Support Files/Pods-KeepFresh-KeepFreshUITests/Pods-KeepFresh-KeepFreshUITests-frameworks-${CONFIGURATION}-output-files.xcfilelist",
			);
			runOnlyForDeploymentPostprocessing = 0;
			shellPath = /bin/sh;
			shellScript = "\"${PODS_ROOT}/Target Support Files/Pods-KeepFresh-KeepFreshUITests/Pods-KeepFresh-KeepFreshUITests-frameworks.sh\"\n";
			showEnvVarsInLog = 0;
		};
/* End PBXShellScriptBuildPhase section */

/* Begin PBXSourcesBuildPhase section */
		1091E65C2728F10E00D80EBA /* Sources */ = {
			isa = PBXSourcesBuildPhase;
			buildActionMask = 2147483647;
			files = (
				EE4C7D01272A5801009BA1B0 /* AddItemViewController.swift in Sources */,
				1091E6682728F10E00D80EBA /* LoginViewController.swift in Sources */,
				ED05F4172730729B00A418C4 /* SettingsViewController.swift in Sources */,
				EE7B2F95272BC08D006DE32C /* ItemsTableViewCell.swift in Sources */,
				1091E6642728F10E00D80EBA /* AppDelegate.swift in Sources */,
				1091E694272A35E800D80EBA /* GroceriesViewController.swift in Sources */,
				1091E6662728F10E00D80EBA /* SceneDelegate.swift in Sources */,
				1091E696272A920D00D80EBA /* GroceryItemCell.swift in Sources */,
			);
			runOnlyForDeploymentPostprocessing = 0;
		};
		1091E6722728F11200D80EBA /* Sources */ = {
			isa = PBXSourcesBuildPhase;
			buildActionMask = 2147483647;
			files = (
				1091E67B2728F11200D80EBA /* KeepFreshTests.swift in Sources */,
			);
			runOnlyForDeploymentPostprocessing = 0;
		};
		1091E67C2728F11200D80EBA /* Sources */ = {
			isa = PBXSourcesBuildPhase;
			buildActionMask = 2147483647;
			files = (
				1091E6872728F11200D80EBA /* KeepFreshUITestsLaunchTests.swift in Sources */,
				1091E6852728F11200D80EBA /* KeepFreshUITests.swift in Sources */,
			);
			runOnlyForDeploymentPostprocessing = 0;
		};
/* End PBXSourcesBuildPhase section */

/* Begin PBXTargetDependency section */
		1091E6782728F11200D80EBA /* PBXTargetDependency */ = {
			isa = PBXTargetDependency;
			target = 1091E65F2728F10E00D80EBA /* KeepFresh */;
			targetProxy = 1091E6772728F11200D80EBA /* PBXContainerItemProxy */;
		};
		1091E6822728F11200D80EBA /* PBXTargetDependency */ = {
			isa = PBXTargetDependency;
			target = 1091E65F2728F10E00D80EBA /* KeepFresh */;
			targetProxy = 1091E6812728F11200D80EBA /* PBXContainerItemProxy */;
		};
/* End PBXTargetDependency section */

/* Begin PBXVariantGroup section */
		1091E6692728F10E00D80EBA /* Main.storyboard */ = {
			isa = PBXVariantGroup;
			children = (
				1091E66A2728F10E00D80EBA /* Base */,
			);
			name = Main.storyboard;
			sourceTree = "<group>";
		};
		1091E66E2728F11200D80EBA /* LaunchScreen.storyboard */ = {
			isa = PBXVariantGroup;
			children = (
				1091E66F2728F11200D80EBA /* Base */,
			);
			name = LaunchScreen.storyboard;
			sourceTree = "<group>";
		};
/* End PBXVariantGroup section */

/* Begin XCBuildConfiguration section */
		1091E6882728F11200D80EBA /* Debug */ = {
			isa = XCBuildConfiguration;
			buildSettings = {
				ALWAYS_SEARCH_USER_PATHS = NO;
				CLANG_ANALYZER_NONNULL = YES;
				CLANG_ANALYZER_NUMBER_OBJECT_CONVERSION = YES_AGGRESSIVE;
				CLANG_CXX_LANGUAGE_STANDARD = "gnu++17";
				CLANG_CXX_LIBRARY = "libc++";
				CLANG_ENABLE_MODULES = YES;
				CLANG_ENABLE_OBJC_ARC = YES;
				CLANG_ENABLE_OBJC_WEAK = YES;
				CLANG_WARN_BLOCK_CAPTURE_AUTORELEASING = YES;
				CLANG_WARN_BOOL_CONVERSION = YES;
				CLANG_WARN_COMMA = YES;
				CLANG_WARN_CONSTANT_CONVERSION = YES;
				CLANG_WARN_DEPRECATED_OBJC_IMPLEMENTATIONS = YES;
				CLANG_WARN_DIRECT_OBJC_ISA_USAGE = YES_ERROR;
				CLANG_WARN_DOCUMENTATION_COMMENTS = YES;
				CLANG_WARN_EMPTY_BODY = YES;
				CLANG_WARN_ENUM_CONVERSION = YES;
				CLANG_WARN_INFINITE_RECURSION = YES;
				CLANG_WARN_INT_CONVERSION = YES;
				CLANG_WARN_NON_LITERAL_NULL_CONVERSION = YES;
				CLANG_WARN_OBJC_IMPLICIT_RETAIN_SELF = YES;
				CLANG_WARN_OBJC_LITERAL_CONVERSION = YES;
				CLANG_WARN_OBJC_ROOT_CLASS = YES_ERROR;
				CLANG_WARN_QUOTED_INCLUDE_IN_FRAMEWORK_HEADER = YES;
				CLANG_WARN_RANGE_LOOP_ANALYSIS = YES;
				CLANG_WARN_STRICT_PROTOTYPES = YES;
				CLANG_WARN_SUSPICIOUS_MOVE = YES;
				CLANG_WARN_UNGUARDED_AVAILABILITY = YES_AGGRESSIVE;
				CLANG_WARN_UNREACHABLE_CODE = YES;
				CLANG_WARN__DUPLICATE_METHOD_MATCH = YES;
				COPY_PHASE_STRIP = NO;
				DEBUG_INFORMATION_FORMAT = dwarf;
				ENABLE_STRICT_OBJC_MSGSEND = YES;
				ENABLE_TESTABILITY = YES;
				GCC_C_LANGUAGE_STANDARD = gnu11;
				GCC_DYNAMIC_NO_PIC = NO;
				GCC_NO_COMMON_BLOCKS = YES;
				GCC_OPTIMIZATION_LEVEL = 0;
				GCC_PREPROCESSOR_DEFINITIONS = (
					"DEBUG=1",
					"$(inherited)",
				);
				GCC_WARN_64_TO_32_BIT_CONVERSION = YES;
				GCC_WARN_ABOUT_RETURN_TYPE = YES_ERROR;
				GCC_WARN_UNDECLARED_SELECTOR = YES;
				GCC_WARN_UNINITIALIZED_AUTOS = YES_AGGRESSIVE;
				GCC_WARN_UNUSED_FUNCTION = YES;
				GCC_WARN_UNUSED_VARIABLE = YES;
				IPHONEOS_DEPLOYMENT_TARGET = 15.0;
				MTL_ENABLE_DEBUG_INFO = INCLUDE_SOURCE;
				MTL_FAST_MATH = YES;
				ONLY_ACTIVE_ARCH = YES;
				SDKROOT = iphoneos;
				SWIFT_ACTIVE_COMPILATION_CONDITIONS = DEBUG;
				SWIFT_OPTIMIZATION_LEVEL = "-Onone";
			};
			name = Debug;
		};
		1091E6892728F11200D80EBA /* Release */ = {
			isa = XCBuildConfiguration;
			buildSettings = {
				ALWAYS_SEARCH_USER_PATHS = NO;
				CLANG_ANALYZER_NONNULL = YES;
				CLANG_ANALYZER_NUMBER_OBJECT_CONVERSION = YES_AGGRESSIVE;
				CLANG_CXX_LANGUAGE_STANDARD = "gnu++17";
				CLANG_CXX_LIBRARY = "libc++";
				CLANG_ENABLE_MODULES = YES;
				CLANG_ENABLE_OBJC_ARC = YES;
				CLANG_ENABLE_OBJC_WEAK = YES;
				CLANG_WARN_BLOCK_CAPTURE_AUTORELEASING = YES;
				CLANG_WARN_BOOL_CONVERSION = YES;
				CLANG_WARN_COMMA = YES;
				CLANG_WARN_CONSTANT_CONVERSION = YES;
				CLANG_WARN_DEPRECATED_OBJC_IMPLEMENTATIONS = YES;
				CLANG_WARN_DIRECT_OBJC_ISA_USAGE = YES_ERROR;
				CLANG_WARN_DOCUMENTATION_COMMENTS = YES;
				CLANG_WARN_EMPTY_BODY = YES;
				CLANG_WARN_ENUM_CONVERSION = YES;
				CLANG_WARN_INFINITE_RECURSION = YES;
				CLANG_WARN_INT_CONVERSION = YES;
				CLANG_WARN_NON_LITERAL_NULL_CONVERSION = YES;
				CLANG_WARN_OBJC_IMPLICIT_RETAIN_SELF = YES;
				CLANG_WARN_OBJC_LITERAL_CONVERSION = YES;
				CLANG_WARN_OBJC_ROOT_CLASS = YES_ERROR;
				CLANG_WARN_QUOTED_INCLUDE_IN_FRAMEWORK_HEADER = YES;
				CLANG_WARN_RANGE_LOOP_ANALYSIS = YES;
				CLANG_WARN_STRICT_PROTOTYPES = YES;
				CLANG_WARN_SUSPICIOUS_MOVE = YES;
				CLANG_WARN_UNGUARDED_AVAILABILITY = YES_AGGRESSIVE;
				CLANG_WARN_UNREACHABLE_CODE = YES;
				CLANG_WARN__DUPLICATE_METHOD_MATCH = YES;
				COPY_PHASE_STRIP = NO;
				DEBUG_INFORMATION_FORMAT = "dwarf-with-dsym";
				ENABLE_NS_ASSERTIONS = NO;
				ENABLE_STRICT_OBJC_MSGSEND = YES;
				GCC_C_LANGUAGE_STANDARD = gnu11;
				GCC_NO_COMMON_BLOCKS = YES;
				GCC_WARN_64_TO_32_BIT_CONVERSION = YES;
				GCC_WARN_ABOUT_RETURN_TYPE = YES_ERROR;
				GCC_WARN_UNDECLARED_SELECTOR = YES;
				GCC_WARN_UNINITIALIZED_AUTOS = YES_AGGRESSIVE;
				GCC_WARN_UNUSED_FUNCTION = YES;
				GCC_WARN_UNUSED_VARIABLE = YES;
				IPHONEOS_DEPLOYMENT_TARGET = 15.0;
				MTL_ENABLE_DEBUG_INFO = NO;
				MTL_FAST_MATH = YES;
				SDKROOT = iphoneos;
				SWIFT_COMPILATION_MODE = wholemodule;
				SWIFT_OPTIMIZATION_LEVEL = "-O";
				VALIDATE_PRODUCT = YES;
			};
			name = Release;
		};
		1091E68B2728F11200D80EBA /* Debug */ = {
			isa = XCBuildConfiguration;
			baseConfigurationReference = 06211618CD0435CD8240DBDA /* Pods-KeepFresh.debug.xcconfig */;
			buildSettings = {
				ASSETCATALOG_COMPILER_APPICON_NAME = AppIcon;
				ASSETCATALOG_COMPILER_GLOBAL_ACCENT_COLOR_NAME = AccentColor;
				CODE_SIGN_STYLE = Automatic;
				CURRENT_PROJECT_VERSION = 1;
				DEVELOPMENT_TEAM = VLZVDHGRUR;
				GENERATE_INFOPLIST_FILE = YES;
				INFOPLIST_FILE = KeepFresh/Info.plist;
				INFOPLIST_KEY_UIApplicationSupportsIndirectInputEvents = YES;
				INFOPLIST_KEY_UILaunchStoryboardName = LaunchScreen;
				INFOPLIST_KEY_UIMainStoryboardFile = Main;
				INFOPLIST_KEY_UISupportedInterfaceOrientations_iPad = "UIInterfaceOrientationPortrait UIInterfaceOrientationPortraitUpsideDown UIInterfaceOrientationLandscapeLeft UIInterfaceOrientationLandscapeRight";
				INFOPLIST_KEY_UISupportedInterfaceOrientations_iPhone = "UIInterfaceOrientationPortrait UIInterfaceOrientationLandscapeLeft UIInterfaceOrientationLandscapeRight";
				LD_RUNPATH_SEARCH_PATHS = (
					"$(inherited)",
					"@executable_path/Frameworks",
				);
				MARKETING_VERSION = 1.0;
				PRODUCT_BUNDLE_IDENTIFIER = KeepFresh.KeepFresh;
				PRODUCT_NAME = "$(TARGET_NAME)";
				SWIFT_EMIT_LOC_STRINGS = YES;
				SWIFT_VERSION = 5.0;
				TARGETED_DEVICE_FAMILY = "1,2";
			};
			name = Debug;
		};
		1091E68C2728F11200D80EBA /* Release */ = {
			isa = XCBuildConfiguration;
			baseConfigurationReference = D405CF91D1C0979E06742BE1 /* Pods-KeepFresh.release.xcconfig */;
			buildSettings = {
				ASSETCATALOG_COMPILER_APPICON_NAME = AppIcon;
				ASSETCATALOG_COMPILER_GLOBAL_ACCENT_COLOR_NAME = AccentColor;
				CODE_SIGN_STYLE = Automatic;
				CURRENT_PROJECT_VERSION = 1;
				DEVELOPMENT_TEAM = VLZVDHGRUR;
				GENERATE_INFOPLIST_FILE = YES;
				INFOPLIST_FILE = KeepFresh/Info.plist;
				INFOPLIST_KEY_UIApplicationSupportsIndirectInputEvents = YES;
				INFOPLIST_KEY_UILaunchStoryboardName = LaunchScreen;
				INFOPLIST_KEY_UIMainStoryboardFile = Main;
				INFOPLIST_KEY_UISupportedInterfaceOrientations_iPad = "UIInterfaceOrientationPortrait UIInterfaceOrientationPortraitUpsideDown UIInterfaceOrientationLandscapeLeft UIInterfaceOrientationLandscapeRight";
				INFOPLIST_KEY_UISupportedInterfaceOrientations_iPhone = "UIInterfaceOrientationPortrait UIInterfaceOrientationLandscapeLeft UIInterfaceOrientationLandscapeRight";
				LD_RUNPATH_SEARCH_PATHS = (
					"$(inherited)",
					"@executable_path/Frameworks",
				);
				MARKETING_VERSION = 1.0;
				PRODUCT_BUNDLE_IDENTIFIER = KeepFresh.KeepFresh;
				PRODUCT_NAME = "$(TARGET_NAME)";
				SWIFT_EMIT_LOC_STRINGS = YES;
				SWIFT_VERSION = 5.0;
				TARGETED_DEVICE_FAMILY = "1,2";
			};
			name = Release;
		};
		1091E68E2728F11200D80EBA /* Debug */ = {
			isa = XCBuildConfiguration;
			baseConfigurationReference = 607B67F8A099923E6380B1BD /* Pods-KeepFreshTests.debug.xcconfig */;
			buildSettings = {
				ALWAYS_EMBED_SWIFT_STANDARD_LIBRARIES = YES;
				BUNDLE_LOADER = "$(TEST_HOST)";
				CODE_SIGN_STYLE = Automatic;
				CURRENT_PROJECT_VERSION = 1;
				DEVELOPMENT_TEAM = VLZVDHGRUR;
				GENERATE_INFOPLIST_FILE = YES;
				IPHONEOS_DEPLOYMENT_TARGET = 15.0;
				LD_RUNPATH_SEARCH_PATHS = (
					"$(inherited)",
					"@executable_path/Frameworks",
					"@loader_path/Frameworks",
				);
				MARKETING_VERSION = 1.0;
				PRODUCT_BUNDLE_IDENTIFIER = KeepFresh.KeepFreshTests;
				PRODUCT_NAME = "$(TARGET_NAME)";
				SWIFT_EMIT_LOC_STRINGS = NO;
				SWIFT_VERSION = 5.0;
				TARGETED_DEVICE_FAMILY = "1,2";
				TEST_HOST = "$(BUILT_PRODUCTS_DIR)/KeepFresh.app/KeepFresh";
			};
			name = Debug;
		};
		1091E68F2728F11200D80EBA /* Release */ = {
			isa = XCBuildConfiguration;
			baseConfigurationReference = 8E98CC86813E7DEE5546BD17 /* Pods-KeepFreshTests.release.xcconfig */;
			buildSettings = {
				ALWAYS_EMBED_SWIFT_STANDARD_LIBRARIES = YES;
				BUNDLE_LOADER = "$(TEST_HOST)";
				CODE_SIGN_STYLE = Automatic;
				CURRENT_PROJECT_VERSION = 1;
				DEVELOPMENT_TEAM = VLZVDHGRUR;
				GENERATE_INFOPLIST_FILE = YES;
				IPHONEOS_DEPLOYMENT_TARGET = 15.0;
				LD_RUNPATH_SEARCH_PATHS = (
					"$(inherited)",
					"@executable_path/Frameworks",
					"@loader_path/Frameworks",
				);
				MARKETING_VERSION = 1.0;
				PRODUCT_BUNDLE_IDENTIFIER = KeepFresh.KeepFreshTests;
				PRODUCT_NAME = "$(TARGET_NAME)";
				SWIFT_EMIT_LOC_STRINGS = NO;
				SWIFT_VERSION = 5.0;
				TARGETED_DEVICE_FAMILY = "1,2";
				TEST_HOST = "$(BUILT_PRODUCTS_DIR)/KeepFresh.app/KeepFresh";
			};
			name = Release;
		};
		1091E6912728F11200D80EBA /* Debug */ = {
			isa = XCBuildConfiguration;
			baseConfigurationReference = 679F5747FCDBB181AF1DB4D6 /* Pods-KeepFresh-KeepFreshUITests.debug.xcconfig */;
			buildSettings = {
				ALWAYS_EMBED_SWIFT_STANDARD_LIBRARIES = YES;
				CODE_SIGN_STYLE = Automatic;
				CURRENT_PROJECT_VERSION = 1;
				DEVELOPMENT_TEAM = VLZVDHGRUR;
				GENERATE_INFOPLIST_FILE = YES;
				LD_RUNPATH_SEARCH_PATHS = (
					"$(inherited)",
					"@executable_path/Frameworks",
					"@loader_path/Frameworks",
				);
				MARKETING_VERSION = 1.0;
				PRODUCT_BUNDLE_IDENTIFIER = KeepFresh.KeepFreshUITests;
				PRODUCT_NAME = "$(TARGET_NAME)";
				SWIFT_EMIT_LOC_STRINGS = NO;
				SWIFT_VERSION = 5.0;
				TARGETED_DEVICE_FAMILY = "1,2";
				TEST_TARGET_NAME = KeepFresh;
			};
			name = Debug;
		};
		1091E6922728F11200D80EBA /* Release */ = {
			isa = XCBuildConfiguration;
			baseConfigurationReference = 13FF8E685E7C3FFAAC86E66F /* Pods-KeepFresh-KeepFreshUITests.release.xcconfig */;
			buildSettings = {
				ALWAYS_EMBED_SWIFT_STANDARD_LIBRARIES = YES;
				CODE_SIGN_STYLE = Automatic;
				CURRENT_PROJECT_VERSION = 1;
				DEVELOPMENT_TEAM = VLZVDHGRUR;
				GENERATE_INFOPLIST_FILE = YES;
				LD_RUNPATH_SEARCH_PATHS = (
					"$(inherited)",
					"@executable_path/Frameworks",
					"@loader_path/Frameworks",
				);
				MARKETING_VERSION = 1.0;
				PRODUCT_BUNDLE_IDENTIFIER = KeepFresh.KeepFreshUITests;
				PRODUCT_NAME = "$(TARGET_NAME)";
				SWIFT_EMIT_LOC_STRINGS = NO;
				SWIFT_VERSION = 5.0;
				TARGETED_DEVICE_FAMILY = "1,2";
				TEST_TARGET_NAME = KeepFresh;
			};
			name = Release;
		};
/* End XCBuildConfiguration section */

/* Begin XCConfigurationList section */
		1091E65B2728F10E00D80EBA /* Build configuration list for PBXProject "KeepFresh" */ = {
			isa = XCConfigurationList;
			buildConfigurations = (
				1091E6882728F11200D80EBA /* Debug */,
				1091E6892728F11200D80EBA /* Release */,
			);
			defaultConfigurationIsVisible = 0;
			defaultConfigurationName = Release;
		};
		1091E68A2728F11200D80EBA /* Build configuration list for PBXNativeTarget "KeepFresh" */ = {
			isa = XCConfigurationList;
			buildConfigurations = (
				1091E68B2728F11200D80EBA /* Debug */,
				1091E68C2728F11200D80EBA /* Release */,
			);
			defaultConfigurationIsVisible = 0;
			defaultConfigurationName = Release;
		};
		1091E68D2728F11200D80EBA /* Build configuration list for PBXNativeTarget "KeepFreshTests" */ = {
			isa = XCConfigurationList;
			buildConfigurations = (
				1091E68E2728F11200D80EBA /* Debug */,
				1091E68F2728F11200D80EBA /* Release */,
			);
			defaultConfigurationIsVisible = 0;
			defaultConfigurationName = Release;
		};
		1091E6902728F11200D80EBA /* Build configuration list for PBXNativeTarget "KeepFreshUITests" */ = {
			isa = XCConfigurationList;
			buildConfigurations = (
				1091E6912728F11200D80EBA /* Debug */,
				1091E6922728F11200D80EBA /* Release */,
			);
			defaultConfigurationIsVisible = 0;
			defaultConfigurationName = Release;
		};
/* End XCConfigurationList section */
	};
	rootObject = 1091E6582728F10E00D80EBA /* Project object */;
}
